
Microsoft Visual Studio Solution File, Format Version 12.00
# Visual Studio Version 17
VisualStudioVersion = 17.5.002.0
MinimumVisualStudioVersion = 10.0.40219.1
Project("{9A19103F-16F7-4668-BE54-9A1E7A4F7556}") = "Day2", "Day2.csproj", "{677E28D4-D649-46FF-BD10-4FC35393AB85}"
EndProject
Global
	GlobalSection(SolutionConfigurationPlatforms) = preSolution
		Debug|Any CPU = Debug|Any CPU
		Release|Any CPU = Release|Any CPU
	EndGlobalSection
	GlobalSection(ProjectConfigurationPlatforms) = postSolution
		{677E28D4-D649-46FF-BD10-4FC35393AB85}.Debug|Any CPU.ActiveCfg = Debug|Any CPU
		{677E28D4-D649-46FF-BD10-4FC35393AB85}.Debug|Any CPU.Build.0 = Debug|Any CPU
		{677E28D4-D649-46FF-BD10-4FC35393AB85}.Release|Any CPU.ActiveCfg = Release|Any CPU
		{677E28D4-D649-46FF-BD10-4FC35393AB85}.Release|Any CPU.Build.0 = Release|Any CPU
	EndGlobalSection
	GlobalSection(SolutionProperties) = preSolution
		HideSolutionNode = FALSE
	EndGlobalSection
	GlobalSection(ExtensibilityGlobals) = postSolution
		SolutionGuid = {7429F1BF-B05C-4AB9-A6C8-E4FFE0700A8D}
	EndGlobalSection
EndGlobal
